{
  "name": "dark-ogame-sim",
  "version": "1.0.0",
  "lockfileVersion": 1,
  "requires": true,
  "dependencies": {
    "@types/node": {
      "version": "10.5.8",
      "resolved": "https://registry.npmjs.org/@types/node/-/node-10.5.8.tgz",
      "integrity": "sha512-sWSjw+bYW/2W+1V3m8tVsm9PKJcxk3NHN7oRqNUfEdofKg0Imbdu1dQbFvLKjZQXEDXRN6IfSMACjJ7Wv4NGCQ=="
    },
    "@types/random-js": {
      "version": "1.0.30",
      "resolved": "https://registry.npmjs.org/@types/random-js/-/random-js-1.0.30.tgz",
      "integrity": "sha512-WjnCxSADI8zNFkwwQYzBbYDOMOsX//gzxS7rLvms4E8dEcHPrKzoi4FZXebYLKlTpaWSSqHT3Fp9TkDAiNW5rw=="
    },
    "random-js": {
      "version": "1.0.8",
      "resolved": "https://registry.npmjs.org/random-js/-/random-js-1.0.8.tgz",
      "integrity": "sha1-lo/WiabyXWwKrHZig94vaIycGQo="
    }
  }
}
